
Microsoft Visual Studio Solution File, Format Version 12.00
# Visual Studio Version 17
VisualStudioVersion = 17.9.34902.65
MinimumVisualStudioVersion = 10.0.40219.1
Project("{FAE04EC0-301F-11D3-BF4B-00C04F79EFBC}") = "ConquestAndCalamity.Server", "ConquestAndCalamity.Server\ConquestAndCalamity.Server.csproj", "{EAC69A73-5F46-478C-B0E3-DFBA7BEB4759}"
EndProject
Project("{54A90642-561A-4BB1-A94E-469ADEE60C69}") = "conquestandcalamity.client", "conquestandcalamity.client\conquestandcalamity.client.esproj", "{0F2D4609-7CFF-4C63-B4B2-9A65F8AD864A}"
EndProject
Global
	GlobalSection(SolutionConfigurationPlatforms) = preSolution
		Debug|Any CPU = Debug|Any CPU
		Release|Any CPU = Release|Any CPU
	EndGlobalSection
	GlobalSection(ProjectConfigurationPlatforms) = postSolution
		{EAC69A73-5F46-478C-B0E3-DFBA7BEB4759}.Debug|Any CPU.ActiveCfg = Debug|Any CPU
		{EAC69A73-5F46-478C-B0E3-DFBA7BEB4759}.Debug|Any CPU.Build.0 = Debug|Any CPU
		{EAC69A73-5F46-478C-B0E3-DFBA7BEB4759}.Release|Any CPU.ActiveCfg = Release|Any CPU
		{EAC69A73-5F46-478C-B0E3-DFBA7BEB4759}.Release|Any CPU.Build.0 = Release|Any CPU
		{0F2D4609-7CFF-4C63-B4B2-9A65F8AD864A}.Debug|Any CPU.ActiveCfg = Debug|Any CPU
		{0F2D4609-7CFF-4C63-B4B2-9A65F8AD864A}.Debug|Any CPU.Build.0 = Debug|Any CPU
		{0F2D4609-7CFF-4C63-B4B2-9A65F8AD864A}.Debug|Any CPU.Deploy.0 = Debug|Any CPU
		{0F2D4609-7CFF-4C63-B4B2-9A65F8AD864A}.Release|Any CPU.ActiveCfg = Release|Any CPU
		{0F2D4609-7CFF-4C63-B4B2-9A65F8AD864A}.Release|Any CPU.Build.0 = Release|Any CPU
		{0F2D4609-7CFF-4C63-B4B2-9A65F8AD864A}.Release|Any CPU.Deploy.0 = Release|Any CPU
	EndGlobalSection
	GlobalSection(SolutionProperties) = preSolution
		HideSolutionNode = FALSE
	EndGlobalSection
	GlobalSection(ExtensibilityGlobals) = postSolution
		SolutionGuid = {E6FBD542-6771-47CE-BEBA-AE386CEB0EE3}
	EndGlobalSection
EndGlobal
