
Microsoft Visual Studio Solution File, Format Version 12.00
# Visual Studio Version 17
VisualStudioVersion = 17.8.34330.188
MinimumVisualStudioVersion = 10.0.40219.1
Project("{FAE04EC0-301F-11D3-BF4B-00C04F79EFBC}") = "AoCaCWebsite", "AoCaCWebsite.csproj", "{61E01A36-62BF-49E6-B0F4-28E3DE06728E}"
EndProject
Global
	GlobalSection(SolutionConfigurationPlatforms) = preSolution
		Debug|Any CPU = Debug|Any CPU
		Release|Any CPU = Release|Any CPU
	EndGlobalSection
	GlobalSection(ProjectConfigurationPlatforms) = postSolution
		{61E01A36-62BF-49E6-B0F4-28E3DE06728E}.Debug|Any CPU.ActiveCfg = Debug|Any CPU
		{61E01A36-62BF-49E6-B0F4-28E3DE06728E}.Debug|Any CPU.Build.0 = Debug|Any CPU
		{61E01A36-62BF-49E6-B0F4-28E3DE06728E}.Release|Any CPU.ActiveCfg = Release|Any CPU
		{61E01A36-62BF-49E6-B0F4-28E3DE06728E}.Release|Any CPU.Build.0 = Release|Any CPU
	EndGlobalSection
	GlobalSection(SolutionProperties) = preSolution
		HideSolutionNode = FALSE
	EndGlobalSection
	GlobalSection(ExtensibilityGlobals) = postSolution
		SolutionGuid = {50D6BC1A-45CD-4D74-BFBB-67C6E6CA8AB2}
	EndGlobalSection
EndGlobal
